
Microsoft Visual Studio Solution File, Format Version 12.00
# Visual Studio Version 17
VisualStudioVersion = 17.13.35825.156
MinimumVisualStudioVersion = 10.0.40219.1
Project("{FAE04EC0-301F-11D3-BF4B-00C04F79EFBC}") = "BlazorSignalRApp", "BlazorSignalRApp\BlazorSignalRApp\BlazorSignalRApp.csproj", "{64B472E4-1159-49E5-B13E-049ACF3BC54E}"
EndProject
Project("{FAE04EC0-301F-11D3-BF4B-00C04F79EFBC}") = "BlazorSignalRApp.Client", "BlazorSignalRApp\BlazorSignalRApp.Client\BlazorSignalRApp.Client.csproj", "{5FC16B10-EF9A-4BCB-B287-E38EDEEA5EEE}"
EndProject
Global
	GlobalSection(SolutionConfigurationPlatforms) = preSolution
		Debug|Any CPU = Debug|Any CPU
		Release|Any CPU = Release|Any CPU
	EndGlobalSection
	GlobalSection(ProjectConfigurationPlatforms) = postSolution
		{64B472E4-1159-49E5-B13E-049ACF3BC54E}.Debug|Any CPU.ActiveCfg = Debug|Any CPU
		{64B472E4-1159-49E5-B13E-049ACF3BC54E}.Debug|Any CPU.Build.0 = Debug|Any CPU
		{64B472E4-1159-49E5-B13E-049ACF3BC54E}.Release|Any CPU.ActiveCfg = Release|Any CPU
		{64B472E4-1159-49E5-B13E-049ACF3BC54E}.Release|Any CPU.Build.0 = Release|Any CPU
		{5FC16B10-EF9A-4BCB-B287-E38EDEEA5EEE}.Debug|Any CPU.ActiveCfg = Debug|Any CPU
		{5FC16B10-EF9A-4BCB-B287-E38EDEEA5EEE}.Debug|Any CPU.Build.0 = Debug|Any CPU
		{5FC16B10-EF9A-4BCB-B287-E38EDEEA5EEE}.Release|Any CPU.ActiveCfg = Release|Any CPU
		{5FC16B10-EF9A-4BCB-B287-E38EDEEA5EEE}.Release|Any CPU.Build.0 = Release|Any CPU
	EndGlobalSection
	GlobalSection(SolutionProperties) = preSolution
		HideSolutionNode = FALSE
	EndGlobalSection
	GlobalSection(ExtensibilityGlobals) = postSolution
		SolutionGuid = {A440A463-BF53-443F-B764-E0DC459A9D17}
	EndGlobalSection
EndGlobal
